
Microsoft Visual Studio Solution File, Format Version 12.00
# Visual Studio Version 17
VisualStudioVersion = 17.3.32922.545
MinimumVisualStudioVersion = 10.0.40219.1
Project("{9A19103F-16F7-4668-BE54-9A1E7A4F7556}") = "SampleGraphqlApp.Service", "SampleGraphqlApp.Service\SampleGraphqlApp.Service.csproj", "{095A0B32-C055-4F39-85CD-0E0DB56FD593}"
EndProject
Project("{9A19103F-16F7-4668-BE54-9A1E7A4F7556}") = "SampleGraphqlApp.Service.Interface", "SampleGraphqlApp.Service.Interface\SampleGraphqlApp.Service.Interface.csproj", "{36CE1C77-8023-4714-A5C8-3F2AC5760629}"
EndProject
Project("{FAE04EC0-301F-11D3-BF4B-00C04F79EFBC}") = "SampleGraphqlApp.Service.Test", "SampleGraphqlApp.Service.Test\SampleGraphqlApp.Service.Test.csproj", "{5FF0A75F-95AB-4BC5-9CC6-E25396844274}"
EndProject
Global
	GlobalSection(SolutionConfigurationPlatforms) = preSolution
		Debug|Any CPU = Debug|Any CPU
		Release|Any CPU = Release|Any CPU
	EndGlobalSection
	GlobalSection(ProjectConfigurationPlatforms) = postSolution
		{095A0B32-C055-4F39-85CD-0E0DB56FD593}.Debug|Any CPU.ActiveCfg = Debug|Any CPU
		{095A0B32-C055-4F39-85CD-0E0DB56FD593}.Debug|Any CPU.Build.0 = Debug|Any CPU
		{095A0B32-C055-4F39-85CD-0E0DB56FD593}.Release|Any CPU.ActiveCfg = Release|Any CPU
		{095A0B32-C055-4F39-85CD-0E0DB56FD593}.Release|Any CPU.Build.0 = Release|Any CPU
		{36CE1C77-8023-4714-A5C8-3F2AC5760629}.Debug|Any CPU.ActiveCfg = Debug|Any CPU
		{36CE1C77-8023-4714-A5C8-3F2AC5760629}.Debug|Any CPU.Build.0 = Debug|Any CPU
		{36CE1C77-8023-4714-A5C8-3F2AC5760629}.Release|Any CPU.ActiveCfg = Release|Any CPU
		{36CE1C77-8023-4714-A5C8-3F2AC5760629}.Release|Any CPU.Build.0 = Release|Any CPU
		{5FF0A75F-95AB-4BC5-9CC6-E25396844274}.Debug|Any CPU.ActiveCfg = Debug|Any CPU
		{5FF0A75F-95AB-4BC5-9CC6-E25396844274}.Debug|Any CPU.Build.0 = Debug|Any CPU
		{5FF0A75F-95AB-4BC5-9CC6-E25396844274}.Release|Any CPU.ActiveCfg = Release|Any CPU
		{5FF0A75F-95AB-4BC5-9CC6-E25396844274}.Release|Any CPU.Build.0 = Release|Any CPU
	EndGlobalSection
	GlobalSection(SolutionProperties) = preSolution
		HideSolutionNode = FALSE
	EndGlobalSection
	GlobalSection(ExtensibilityGlobals) = postSolution
		SolutionGuid = {E8945031-483C-4FE0-97AC-0CAB1B52853D}
	EndGlobalSection
EndGlobal
